
Microsoft Visual Studio Solution File, Format Version 12.00
# Visual Studio Version 16
VisualStudioVersion = 16.0.31624.102
MinimumVisualStudioVersion = 10.0.40219.1
Project("{8BC9CEB8-8B4A-11D0-8D11-00A0C91BC942}") = "Project1", "Project1\Project1.vcxproj", "{41245C60-D686-4BE6-9FF3-57217442E005}"
EndProject
Project("{8BC9CEB8-8B4A-11D0-8D11-00A0C91BC942}") = "Project2", "Project2\Project2.vcxproj", "{0F391287-A789-4D1B-BD36-757108D05205}"
EndProject
Project("{8BC9CEB8-8B4A-11D0-8D11-00A0C91BC942}") = "Project3", "Project3\Project3.vcxproj", "{6BEA441F-23D8-43C4-A45C-EF1F7286A8D0}"
EndProject
Project("{8BC9CEB8-8B4A-11D0-8D11-00A0C91BC942}") = "Project4", "Project4\Project4.vcxproj", "{AE7E598E-B82C-404B-98B7-F1EAC249FB0F}"
EndProject
Project("{8BC9CEB8-8B4A-11D0-8D11-00A0C91BC942}") = "Project5", "Project5\Project5.vcxproj", "{69FD99F2-98DC-4D35-B832-6C397AD564DE}"
EndProject
Project("{8BC9CEB8-8B4A-11D0-8D11-00A0C91BC942}") = "Project6", "Project6\Project6.vcxproj", "{D8F35697-982D-46E4-ADEE-1E3B37F74A3A}"
EndProject
Global
	GlobalSection(SolutionConfigurationPlatforms) = preSolution
		Debug|x64 = Debug|x64
		Debug|x86 = Debug|x86
		Release|x64 = Release|x64
		Release|x86 = Release|x86
	EndGlobalSection
	GlobalSection(ProjectConfigurationPlatforms) = postSolution
		{41245C60-D686-4BE6-9FF3-57217442E005}.Debug|x64.ActiveCfg = Debug|x64
		{41245C60-D686-4BE6-9FF3-57217442E005}.Debug|x64.Build.0 = Debug|x64
		{41245C60-D686-4BE6-9FF3-57217442E005}.Debug|x86.ActiveCfg = Debug|Win32
		{41245C60-D686-4BE6-9FF3-57217442E005}.Debug|x86.Build.0 = Debug|Win32
		{41245C60-D686-4BE6-9FF3-57217442E005}.Release|x64.ActiveCfg = Release|x64
		{41245C60-D686-4BE6-9FF3-57217442E005}.Release|x64.Build.0 = Release|x64
		{41245C60-D686-4BE6-9FF3-57217442E005}.Release|x86.ActiveCfg = Release|Win32
		{41245C60-D686-4BE6-9FF3-57217442E005}.Release|x86.Build.0 = Release|Win32
		{0F391287-A789-4D1B-BD36-757108D05205}.Debug|x64.ActiveCfg = Debug|x64
		{0F391287-A789-4D1B-BD36-757108D05205}.Debug|x64.Build.0 = Debug|x64
		{0F391287-A789-4D1B-BD36-757108D05205}.Debug|x86.ActiveCfg = Debug|Win32
		{0F391287-A789-4D1B-BD36-757108D05205}.Debug|x86.Build.0 = Debug|Win32
		{0F391287-A789-4D1B-BD36-757108D05205}.Release|x64.ActiveCfg = Release|x64
		{0F391287-A789-4D1B-BD36-757108D05205}.Release|x64.Build.0 = Release|x64
		{0F391287-A789-4D1B-BD36-757108D05205}.Release|x86.ActiveCfg = Release|Win32
		{0F391287-A789-4D1B-BD36-757108D05205}.Release|x86.Build.0 = Release|Win32
		{6BEA441F-23D8-43C4-A45C-EF1F7286A8D0}.Debug|x64.ActiveCfg = Debug|x64
		{6BEA441F-23D8-43C4-A45C-EF1F7286A8D0}.Debug|x64.Build.0 = Debug|x64
		{6BEA441F-23D8-43C4-A45C-EF1F7286A8D0}.Debug|x86.ActiveCfg = Debug|Win32
		{6BEA441F-23D8-43C4-A45C-EF1F7286A8D0}.Debug|x86.Build.0 = Debug|Win32
		{6BEA441F-23D8-43C4-A45C-EF1F7286A8D0}.Release|x64.ActiveCfg = Release|x64
		{6BEA441F-23D8-43C4-A45C-EF1F7286A8D0}.Release|x64.Build.0 = Release|x64
		{6BEA441F-23D8-43C4-A45C-EF1F7286A8D0}.Release|x86.ActiveCfg = Release|Win32
		{6BEA441F-23D8-43C4-A45C-EF1F7286A8D0}.Release|x86.Build.0 = Release|Win32
		{AE7E598E-B82C-404B-98B7-F1EAC249FB0F}.Debug|x64.ActiveCfg = Debug|x64
		{AE7E598E-B82C-404B-98B7-F1EAC249FB0F}.Debug|x64.Build.0 = Debug|x64
		{AE7E598E-B82C-404B-98B7-F1EAC249FB0F}.Debug|x86.ActiveCfg = Debug|Win32
		{AE7E598E-B82C-404B-98B7-F1EAC249FB0F}.Debug|x86.Build.0 = Debug|Win32
		{AE7E598E-B82C-404B-98B7-F1EAC249FB0F}.Release|x64.ActiveCfg = Release|x64
		{AE7E598E-B82C-404B-98B7-F1EAC249FB0F}.Release|x64.Build.0 = Release|x64
		{AE7E598E-B82C-404B-98B7-F1EAC249FB0F}.Release|x86.ActiveCfg = Release|Win32
		{AE7E598E-B82C-404B-98B7-F1EAC249FB0F}.Release|x86.Build.0 = Release|Win32
		{69FD99F2-98DC-4D35-B832-6C397AD564DE}.Debug|x64.ActiveCfg = Debug|x64
		{69FD99F2-98DC-4D35-B832-6C397AD564DE}.Debug|x64.Build.0 = Debug|x64
		{69FD99F2-98DC-4D35-B832-6C397AD564DE}.Debug|x86.ActiveCfg = Debug|Win32
		{69FD99F2-98DC-4D35-B832-6C397AD564DE}.Debug|x86.Build.0 = Debug|Win32
		{69FD99F2-98DC-4D35-B832-6C397AD564DE}.Release|x64.ActiveCfg = Release|x64
		{69FD99F2-98DC-4D35-B832-6C397AD564DE}.Release|x64.Build.0 = Release|x64
		{69FD99F2-98DC-4D35-B832-6C397AD564DE}.Release|x86.ActiveCfg = Release|Win32
		{69FD99F2-98DC-4D35-B832-6C397AD564DE}.Release|x86.Build.0 = Release|Win32
		{D8F35697-982D-46E4-ADEE-1E3B37F74A3A}.Debug|x64.ActiveCfg = Debug|x64
		{D8F35697-982D-46E4-ADEE-1E3B37F74A3A}.Debug|x64.Build.0 = Debug|x64
		{D8F35697-982D-46E4-ADEE-1E3B37F74A3A}.Debug|x86.ActiveCfg = Debug|Win32
		{D8F35697-982D-46E4-ADEE-1E3B37F74A3A}.Debug|x86.Build.0 = Debug|Win32
		{D8F35697-982D-46E4-ADEE-1E3B37F74A3A}.Release|x64.ActiveCfg = Release|x64
		{D8F35697-982D-46E4-ADEE-1E3B37F74A3A}.Release|x64.Build.0 = Release|x64
		{D8F35697-982D-46E4-ADEE-1E3B37F74A3A}.Release|x86.ActiveCfg = Release|Win32
		{D8F35697-982D-46E4-ADEE-1E3B37F74A3A}.Release|x86.Build.0 = Release|Win32
	EndGlobalSection
	GlobalSection(SolutionProperties) = preSolution
		HideSolutionNode = FALSE
	EndGlobalSection
	GlobalSection(ExtensibilityGlobals) = postSolution
		SolutionGuid = {E6BFEC0D-C4A4-45AD-9821-EF86AB111627}
	EndGlobalSection
EndGlobal
